// !$*UTF8*$!
{
	archiveVersion = 1;
	classes = {
	};
	objectVersion = 46;
	objects = {

/* Begin PBXBuildFile section */
		1E36EB421F190FC7002FBCBF /* Obstacles.sks in Resources */ = {isa = PBXBuildFile; fileRef = 1E36EB411F190FC7002FBCBF /* Obstacles.sks */; };
		1E36EB441F1D0FEF002FBCBF /* Building2.sks in Resources */ = {isa = PBXBuildFile; fileRef = 1E36EB431F1D0FEF002FBCBF /* Building2.sks */; };
		EC81A1591F1805EC00D36711 /* Building1.sks in Resources */ = {isa = PBXBuildFile; fileRef = EC81A1581F1805EC00D36711 /* Building1.sks */; };
		ECCB43B71F17F16600502B6D /* AppDelegate.swift in Sources */ = {isa = PBXBuildFile; fileRef = ECCB43B61F17F16600502B6D /* AppDelegate.swift */; };
		ECCB43B91F17F16600502B6D /* GameScene.sks in Resources */ = {isa = PBXBuildFile; fileRef = ECCB43B81F17F16600502B6D /* GameScene.sks */; };
		ECCB43BD1F17F16600502B6D /* GameScene.swift in Sources */ = {isa = PBXBuildFile; fileRef = ECCB43BC1F17F16600502B6D /* GameScene.swift */; };
		ECCB43BF1F17F16600502B6D /* GameViewController.swift in Sources */ = {isa = PBXBuildFile; fileRef = ECCB43BE1F17F16600502B6D /* GameViewController.swift */; };
		ECCB43C21F17F16600502B6D /* Main.storyboard in Resources */ = {isa = PBXBuildFile; fileRef = ECCB43C01F17F16600502B6D /* Main.storyboard */; };
		ECCB43C41F17F16600502B6D /* Assets.xcassets in Resources */ = {isa = PBXBuildFile; fileRef = ECCB43C31F17F16600502B6D /* Assets.xcassets */; };
		ECCB43C71F17F16600502B6D /* LaunchScreen.storyboard in Resources */ = {isa = PBXBuildFile; fileRef = ECCB43C51F17F16600502B6D /* LaunchScreen.storyboard */; };
		ECCB45591F1800E900502B6D /* platformIndustrial_035.png in Resources */ = {isa = PBXBuildFile; fileRef = ECCB44661F1800E800502B6D /* platformIndustrial_035.png */; };
		ECF7E38B1F180A39004FB7CD /* ground.sks in Resources */ = {isa = PBXBuildFile; fileRef = ECF7E38A1F180A39004FB7CD /* ground.sks */; };
		ECF7E38D1F181837004FB7CD /* Actions.sks in Resources */ = {isa = PBXBuildFile; fileRef = ECF7E38C1F181837004FB7CD /* Actions.sks */; };
/* End PBXBuildFile section */

/* Begin PBXFileReference section */
		1E36EB411F190FC7002FBCBF /* Obstacles.sks */ = {isa = PBXFileReference; lastKnownFileType = file.sks; path = Obstacles.sks; sourceTree = "<group>"; };
		1E36EB431F1D0FEF002FBCBF /* Building2.sks */ = {isa = PBXFileReference; lastKnownFileType = file.sks; path = Building2.sks; sourceTree = "<group>"; };
		EC81A1581F1805EC00D36711 /* Building1.sks */ = {isa = PBXFileReference; lastKnownFileType = file.sks; name = Building1.sks; path = ../Building1.sks; sourceTree = "<group>"; };
		ECCB43B31F17F16600502B6D /* Friday Rush.app */ = {isa = PBXFileReference; explicitFileType = wrapper.application; includeInIndex = 0; path = "Friday Rush.app"; sourceTree = BUILT_PRODUCTS_DIR; };
		ECCB43B61F17F16600502B6D /* AppDelegate.swift */ = {isa = PBXFileReference; lastKnownFileType = sourcecode.swift; path = AppDelegate.swift; sourceTree = "<group>"; };
		ECCB43B81F17F16600502B6D /* GameScene.sks */ = {isa = PBXFileReference; lastKnownFileType = file.sks; path = GameScene.sks; sourceTree = "<group>"; };
		ECCB43BC1F17F16600502B6D /* GameScene.swift */ = {isa = PBXFileReference; lastKnownFileType = sourcecode.swift; path = GameScene.swift; sourceTree = "<group>"; };
		ECCB43BE1F17F16600502B6D /* GameViewController.swift */ = {isa = PBXFileReference; lastKnownFileType = sourcecode.swift; path = GameViewController.swift; sourceTree = "<group>"; };
		ECCB43C11F17F16600502B6D /* Base */ = {isa = PBXFileReference; lastKnownFileType = file.storyboard; name = Base; path = Base.lproj/Main.storyboard; sourceTree = "<group>"; };
		ECCB43C31F17F16600502B6D /* Assets.xcassets */ = {isa = PBXFileReference; lastKnownFileType = folder.assetcatalog; path = Assets.xcassets; sourceTree = "<group>"; };
		ECCB43C61F17F16600502B6D /* Base */ = {isa = PBXFileReference; lastKnownFileType = file.storyboard; name = Base; path = Base.lproj/LaunchScreen.storyboard; sourceTree = "<group>"; };
		ECCB43C81F17F16600502B6D /* Info.plist */ = {isa = PBXFileReference; lastKnownFileType = text.plist.xml; path = Info.plist; sourceTree = "<group>"; };
		ECCB44661F1800E800502B6D /* platformIndustrial_035.png */ = {isa = PBXFileReference; lastKnownFileType = image.png; name = platformIndustrial_035.png; path = kenney_platformerpack_industrial/PNG/Retina/platformIndustrial_035.png; sourceTree = "<group>"; };
		ECF7E38A1F180A39004FB7CD /* ground.sks */ = {isa = PBXFileReference; lastKnownFileType = file.sks; path = ground.sks; sourceTree = "<group>"; };
		ECF7E38C1F181837004FB7CD /* Actions.sks */ = {isa = PBXFileReference; lastKnownFileType = file.sks; path = Actions.sks; sourceTree = "<group>"; };
/* End PBXFileReference section */

/* Begin PBXFrameworksBuildPhase section */
		ECCB43B01F17F16600502B6D /* Frameworks */ = {
			isa = PBXFrameworksBuildPhase;
			buildActionMask = 2147483647;
			files = (
			);
			runOnlyForDeploymentPostprocessing = 0;
		};
/* End PBXFrameworksBuildPhase section */

/* Begin PBXGroup section */
		ECCB43AA1F17F16600502B6D = {
			isa = PBXGroup;
			children = (
				ECCB43B51F17F16600502B6D /* Friday Rush */,
				ECCB43B41F17F16600502B6D /* Products */,
			);
			sourceTree = "<group>";
		};
		ECCB43B41F17F16600502B6D /* Products */ = {
			isa = PBXGroup;
			children = (
				ECCB43B31F17F16600502B6D /* Friday Rush.app */,
			);
			name = Products;
			sourceTree = "<group>";
		};
		ECCB43B51F17F16600502B6D /* Friday Rush */ = {
			isa = PBXGroup;
			children = (
				ECCB43B61F17F16600502B6D /* AppDelegate.swift */,
				EC81A1581F1805EC00D36711 /* Building1.sks */,
				1E36EB431F1D0FEF002FBCBF /* Building2.sks */,
				1E36EB411F190FC7002FBCBF /* Obstacles.sks */,
				ECF7E38A1F180A39004FB7CD /* Ground.sks */,
				ECF7E38C1F181837004FB7CD /* Actions.sks */,
				ECCB43B81F17F16600502B6D /* GameScene.sks */,
				ECCB43BC1F17F16600502B6D /* GameScene.swift */,
				ECCB43BE1F17F16600502B6D /* GameViewController.swift */,
				ECCB43C01F17F16600502B6D /* Main.storyboard */,
				ECCB43C31F17F16600502B6D /* Assets.xcassets */,
				ECCB44661F1800E800502B6D /* platformIndustrial_035.png */,
				ECCB43C51F17F16600502B6D /* LaunchScreen.storyboard */,
				ECCB43C81F17F16600502B6D /* Info.plist */,
			);
			path = "Friday Rush";
			sourceTree = "<group>";
		};
/* End PBXGroup section */

/* Begin PBXNativeTarget section */
		ECCB43B21F17F16600502B6D /* Friday Rush */ = {
			isa = PBXNativeTarget;
			buildConfigurationList = ECCB43CB1F17F16600502B6D /* Build configuration list for PBXNativeTarget "Friday Rush" */;
			buildPhases = (
				ECCB43AF1F17F16600502B6D /* Sources */,
				ECCB43B01F17F16600502B6D /* Frameworks */,
				ECCB43B11F17F16600502B6D /* Resources */,
			);
			buildRules = (
			);
			dependencies = (
			);
			name = "Friday Rush";
			productName = "Friday Rush";
			productReference = ECCB43B31F17F16600502B6D /* Friday Rush.app */;
			productType = "com.apple.product-type.application";
		};
/* End PBXNativeTarget section */

/* Begin PBXProject section */
		ECCB43AB1F17F16600502B6D /* Project object */ = {
			isa = PBXProject;
			attributes = {
				LastSwiftUpdateCheck = 0830;
				LastUpgradeCheck = 0830;
				ORGANIZATIONNAME = "Make School";
				TargetAttributes = {
					ECCB43B21F17F16600502B6D = {
						CreatedOnToolsVersion = 8.3.3;
						DevelopmentTeam = TZSCWHTC4F;
						ProvisioningStyle = Automatic;
					};
				};
			};
			buildConfigurationList = ECCB43AE1F17F16600502B6D /* Build configuration list for PBXProject "Friday Rush" */;
			compatibilityVersion = "Xcode 3.2";
			developmentRegion = English;
			hasScannedForEncodings = 0;
			knownRegions = (
				en,
				Base,
			);
			mainGroup = ECCB43AA1F17F16600502B6D;
			productRefGroup = ECCB43B41F17F16600502B6D /* Products */;
			projectDirPath = "";
			projectRoot = "";
			targets = (
				ECCB43B21F17F16600502B6D /* Friday Rush */,
			);
		};
/* End PBXProject section */

/* Begin PBXResourcesBuildPhase section */
		ECCB43B11F17F16600502B6D /* Resources */ = {
			isa = PBXResourcesBuildPhase;
			buildActionMask = 2147483647;
			files = (
				1E36EB441F1D0FEF002FBCBF /* Building2.sks in Resources */,
				ECF7E38B1F180A39004FB7CD /* Ground.sks in Resources */,
				ECF7E38D1F181837004FB7CD /* Actions.sks in Resources */,
				1E36EC811F1D1833002FBCBF /* foliagePack_leaves_013.png in Resources */,
				1E36ECCB1F1D1833002FBCBF /* foliagePack_041.png in Resources */,
				1E36EC881F1D1833002FBCBF /* foliagePack_leaves_020.png in Resources */,
				1E36ECCA1F1D1833002FBCBF /* foliagePack_040.png in Resources */,
				1E36EC471F1D1833002FBCBF /* foliagePack_017.png in Resources */,
				1E36ECAD1F1D1833002FBCBF /* foliagePack_011.png in Resources */,
				1E36ECBA1F1D1833002FBCBF /* foliagePack_024.png in Resources */,
				1E36EC4B1F1D1833002FBCBF /* foliagePack_021.png in Resources */,
				1E36ED1A1F1D1833002FBCBF /* foliagePack_vector.svg in Resources */,
				1E36ECF21F1D1833002FBCBF /* foliagePack_leaves_018.png in Resources */,
				1E36EC651F1D1833002FBCBF /* foliagePack_047.png in Resources */,
				1E36EC941F1D1833002FBCBF /* foliagePack_leaves_032.png in Resources */,
				1E36ED111F1D1833002FBCBF /* Preview_KenneyNL.png in Resources */,
				1E36EC8B1F1D1833002FBCBF /* foliagePack_leaves_023.png in Resources */,
				1E36ECD31F1D1833002FBCBF /* foliagePack_049.png in Resources */,
				1E36ECCD1F1D1833002FBCBF /* foliagePack_043.png in Resources */,
				1E36ECE51F1D1833002FBCBF /* foliagePack_leaves_005.png in Resources */,
				1E36EC961F1D1833002FBCBF /* foliagePack_leaves_034.png in Resources */,
				1E36EC451F1D1833002FBCBF /* foliagePack_015.png in Resources */,
				1E36ECDF1F1D1833002FBCBF /* foliagePack_061.png in Resources */,
				1E36EC901F1D1833002FBCBF /* foliagePack_leaves_028.png in Resources */,
				1E36ECA71F1D1833002FBCBF /* foliagePack_005.png in Resources */,
				1E36EC621F1D1833002FBCBF /* foliagePack_044.png in Resources */,
				1E36ED0C1F1D1833002FBCBF /* foliagePack_leaves_044.png in Resources */,
				1E36ECA31F1D1833002FBCBF /* foliagePack_001.png in Resources */,
				1E36EC3F1F1D1833002FBCBF /* foliagePack_009.png in Resources */,
				1E36EC7D1F1D1833002FBCBF /* foliagePack_leaves_009.png in Resources */,
				1E36EC971F1D1833002FBCBF /* foliagePack_leaves_035.png in Resources */,
				1E36ECA81F1D1833002FBCBF /* foliagePack_006.png in Resources */,
				1E36EC731F1D1833002FBCBF /* foliagePack_061.png in Resources */,
				1E36EC481F1D1833002FBCBF /* foliagePack_018.png in Resources */,
				1E36EC5B1F1D1833002FBCBF /* foliagePack_037.png in Resources */,
				1E36ED101F1D1833002FBCBF /* Preview.png in Resources */,
				ECCB45591F1800E900502B6D /* platformIndustrial_035.png in Resources */,
				ECCB43C21F17F16600502B6D /* Main.storyboard in Resources */,
				ECCB43B91F17F16600502B6D /* GameScene.sks in Resources */,
				1E36EB421F190FC7002FBCBF /* Obstacles.sks in Resources */,
				ECCB43C41F17F16600502B6D /* Assets.xcassets in Resources */,
				ECCB43C71F17F16600502B6D /* LaunchScreen.storyboard in Resources */,
				EC81A1591F1805EC00D36711 /* Building1.sks in Resources */,
			);
			runOnlyForDeploymentPostprocessing = 0;
		};
/* End PBXResourcesBuildPhase section */

/* Begin PBXSourcesBuildPhase section */
		ECCB43AF1F17F16600502B6D /* Sources */ = {
			isa = PBXSourcesBuildPhase;
			buildActionMask = 2147483647;
			files = (
				ECCB43BD1F17F16600502B6D /* GameScene.swift in Sources */,
				ECCB43BF1F17F16600502B6D /* GameViewController.swift in Sources */,
				ECCB43B71F17F16600502B6D /* AppDelegate.swift in Sources */,
			);
			runOnlyForDeploymentPostprocessing = 0;
		};
/* End PBXSourcesBuildPhase section */

/* Begin PBXVariantGroup section */
		ECCB43C01F17F16600502B6D /* Main.storyboard */ = {
			isa = PBXVariantGroup;
			children = (
				ECCB43C11F17F16600502B6D /* Base */,
			);
			name = Main.storyboard;
			sourceTree = "<group>";
		};
		ECCB43C51F17F16600502B6D /* LaunchScreen.storyboard */ = {
			isa = PBXVariantGroup;
			children = (
				ECCB43C61F17F16600502B6D /* Base */,
			);
			name = LaunchScreen.storyboard;
			sourceTree = "<group>";
		};
/* End PBXVariantGroup section */

/* Begin XCBuildConfiguration section */
		ECCB43C91F17F16600502B6D /* Debug */ = {
			isa = XCBuildConfiguration;
			buildSettings = {
				ALWAYS_SEARCH_USER_PATHS = NO;
				CLANG_ANALYZER_NONNULL = YES;
				CLANG_ANALYZER_NUMBER_OBJECT_CONVERSION = YES_AGGRESSIVE;
				CLANG_CXX_LANGUAGE_STANDARD = "gnu++0x";
				CLANG_CXX_LIBRARY = "libc++";
				CLANG_ENABLE_MODULES = YES;
				CLANG_ENABLE_OBJC_ARC = YES;
				CLANG_WARN_BOOL_CONVERSION = YES;
				CLANG_WARN_CONSTANT_CONVERSION = YES;
				CLANG_WARN_DIRECT_OBJC_ISA_USAGE = YES_ERROR;
				CLANG_WARN_DOCUMENTATION_COMMENTS = YES;
				CLANG_WARN_EMPTY_BODY = YES;
				CLANG_WARN_ENUM_CONVERSION = YES;
				CLANG_WARN_INFINITE_RECURSION = YES;
				CLANG_WARN_INT_CONVERSION = YES;
				CLANG_WARN_OBJC_ROOT_CLASS = YES_ERROR;
				CLANG_WARN_SUSPICIOUS_MOVE = YES;
				CLANG_WARN_UNREACHABLE_CODE = YES;
				CLANG_WARN__DUPLICATE_METHOD_MATCH = YES;
				"CODE_SIGN_IDENTITY[sdk=iphoneos*]" = "iPhone Developer";
				COPY_PHASE_STRIP = NO;
				DEBUG_INFORMATION_FORMAT = dwarf;
				ENABLE_STRICT_OBJC_MSGSEND = YES;
				ENABLE_TESTABILITY = YES;
				GCC_C_LANGUAGE_STANDARD = gnu99;
				GCC_DYNAMIC_NO_PIC = NO;
				GCC_NO_COMMON_BLOCKS = YES;
				GCC_OPTIMIZATION_LEVEL = 0;
				GCC_PREPROCESSOR_DEFINITIONS = (
					"DEBUG=1",
					"$(inherited)",
				);
				GCC_WARN_64_TO_32_BIT_CONVERSION = YES;
				GCC_WARN_ABOUT_RETURN_TYPE = YES_ERROR;
				GCC_WARN_UNDECLARED_SELECTOR = YES;
				GCC_WARN_UNINITIALIZED_AUTOS = YES_AGGRESSIVE;
				GCC_WARN_UNUSED_FUNCTION = YES;
				GCC_WARN_UNUSED_VARIABLE = YES;
				IPHONEOS_DEPLOYMENT_TARGET = 10.3;
				MTL_ENABLE_DEBUG_INFO = YES;
				ONLY_ACTIVE_ARCH = YES;
				SDKROOT = iphoneos;
				SWIFT_ACTIVE_COMPILATION_CONDITIONS = DEBUG;
				SWIFT_OPTIMIZATION_LEVEL = "-Onone";
				TARGETED_DEVICE_FAMILY = "1,2";
			};
			name = Debug;
		};
		ECCB43CA1F17F16600502B6D /* Release */ = {
			isa = XCBuildConfiguration;
			buildSettings = {
				ALWAYS_SEARCH_USER_PATHS = NO;
				CLANG_ANALYZER_NONNULL = YES;
				CLANG_ANALYZER_NUMBER_OBJECT_CONVERSION = YES_AGGRESSIVE;
				CLANG_CXX_LANGUAGE_STANDARD = "gnu++0x";
				CLANG_CXX_LIBRARY = "libc++";
				CLANG_ENABLE_MODULES = YES;
				CLANG_ENABLE_OBJC_ARC = YES;
				CLANG_WARN_BOOL_CONVERSION = YES;
				CLANG_WARN_CONSTANT_CONVERSION = YES;
				CLANG_WARN_DIRECT_OBJC_ISA_USAGE = YES_ERROR;
				CLANG_WARN_DOCUMENTATION_COMMENTS = YES;
				CLANG_WARN_EMPTY_BODY = YES;
				CLANG_WARN_ENUM_CONVERSION = YES;
				CLANG_WARN_INFINITE_RECURSION = YES;
				CLANG_WARN_INT_CONVERSION = YES;
				CLANG_WARN_OBJC_ROOT_CLASS = YES_ERROR;
				CLANG_WARN_SUSPICIOUS_MOVE = YES;
				CLANG_WARN_UNREACHABLE_CODE = YES;
				CLANG_WARN__DUPLICATE_METHOD_MATCH = YES;
				"CODE_SIGN_IDENTITY[sdk=iphoneos*]" = "iPhone Developer";
				COPY_PHASE_STRIP = NO;
				DEBUG_INFORMATION_FORMAT = "dwarf-with-dsym";
				ENABLE_NS_ASSERTIONS = NO;
				ENABLE_STRICT_OBJC_MSGSEND = YES;
				GCC_C_LANGUAGE_STANDARD = gnu99;
				GCC_NO_COMMON_BLOCKS = YES;
				GCC_WARN_64_TO_32_BIT_CONVERSION = YES;
				GCC_WARN_ABOUT_RETURN_TYPE = YES_ERROR;
				GCC_WARN_UNDECLARED_SELECTOR = YES;
				GCC_WARN_UNINITIALIZED_AUTOS = YES_AGGRESSIVE;
				GCC_WARN_UNUSED_FUNCTION = YES;
				GCC_WARN_UNUSED_VARIABLE = YES;
				IPHONEOS_DEPLOYMENT_TARGET = 10.3;
				MTL_ENABLE_DEBUG_INFO = NO;
				SDKROOT = iphoneos;
				SWIFT_OPTIMIZATION_LEVEL = "-Owholemodule";
				TARGETED_DEVICE_FAMILY = "1,2";
				VALIDATE_PRODUCT = YES;
			};
			name = Release;
		};
		ECCB43CC1F17F16600502B6D /* Debug */ = {
			isa = XCBuildConfiguration;
			buildSettings = {
				ASSETCATALOG_COMPILER_APPICON_NAME = AppIcon;
				DEVELOPMENT_TEAM = TZSCWHTC4F;
				INFOPLIST_FILE = "Friday Rush/Info.plist";
				LD_RUNPATH_SEARCH_PATHS = "$(inherited) @executable_path/Frameworks";
				PRODUCT_BUNDLE_IDENTIFIER = "com.makeschool.Friday-Rush";
				PRODUCT_NAME = "$(TARGET_NAME)";
				SWIFT_VERSION = 3.0;
			};
			name = Debug;
		};
		ECCB43CD1F17F16600502B6D /* Release */ = {
			isa = XCBuildConfiguration;
			buildSettings = {
				ASSETCATALOG_COMPILER_APPICON_NAME = AppIcon;
				DEVELOPMENT_TEAM = TZSCWHTC4F;
				INFOPLIST_FILE = "Friday Rush/Info.plist";
				LD_RUNPATH_SEARCH_PATHS = "$(inherited) @executable_path/Frameworks";
				PRODUCT_BUNDLE_IDENTIFIER = "com.makeschool.Friday-Rush";
				PRODUCT_NAME = "$(TARGET_NAME)";
				SWIFT_VERSION = 3.0;
			};
			name = Release;
		};
/* End XCBuildConfiguration section */

/* Begin XCConfigurationList section */
		ECCB43AE1F17F16600502B6D /* Build configuration list for PBXProject "Friday Rush" */ = {
			isa = XCConfigurationList;
			buildConfigurations = (
				ECCB43C91F17F16600502B6D /* Debug */,
				ECCB43CA1F17F16600502B6D /* Release */,
			);
			defaultConfigurationIsVisible = 0;
			defaultConfigurationName = Release;
		};
		ECCB43CB1F17F16600502B6D /* Build configuration list for PBXNativeTarget "Friday Rush" */ = {
			isa = XCConfigurationList;
			buildConfigurations = (
				ECCB43CC1F17F16600502B6D /* Debug */,
				ECCB43CD1F17F16600502B6D /* Release */,
			);
			defaultConfigurationIsVisible = 0;
			defaultConfigurationName = Release;
		};
/* End XCConfigurationList section */
	};
	rootObject = ECCB43AB1F17F16600502B6D /* Project object */;
}
